// !$*UTF8*$!
{
	archiveVersion = 1;
	classes = {
	};
	objectVersion = 56;
	objects = {

/* Begin PBXBuildFile section */
		8C09014B2C835F1900BF3421 /* restaurants.json in Resources */ = {isa = PBXBuildFile; fileRef = 8C09014A2C835F1900BF3421 /* restaurants.json */; };
		8C0BDFC32C835DAE0084A7EA /* atomicakitchen.json in Resources */ = {isa = PBXBuildFile; fileRef = 8C0BDFB62C835DAD0084A7EA /* atomicakitchen.json */; };
		8C0BDFC42C835DAE0084A7EA /* tommy's.json in Resources */ = {isa = PBXBuildFile; fileRef = 8C0BDFB72C835DAD0084A7EA /* tommy's.json */; };
		8C0BDFC52C835DAE0084A7EA /* meetcuisine.json in Resources */ = {isa = PBXBuildFile; fileRef = 8C0BDFB82C835DAD0084A7EA /* meetcuisine.json */; };
		8C0BDFC62C835DAE0084A7EA /* jackastor's.json in Resources */ = {isa = PBXBuildFile; fileRef = 8C0BDFB92C835DAD0084A7EA /* jackastor's.json */; };
		8C0BDFC72C835DAE0084A7EA /* kintonramen.json in Resources */ = {isa = PBXBuildFile; fileRef = 8C0BDFBA2C835DAD0084A7EA /* kintonramen.json */; };
		8C0BDFC82C835DAE0084A7EA /* tango.json in Resources */ = {isa = PBXBuildFile; fileRef = 8C0BDFBB2C835DAE0084A7EA /* tango.json */; };
		8C0BDFC92C835DAE0084A7EA /* thekeg.json in Resources */ = {isa = PBXBuildFile; fileRef = 8C0BDFBC2C835DAE0084A7EA /* thekeg.json */; };
		8C0BDFCA2C835DAE0084A7EA /* thegrizzlygrill.json in Resources */ = {isa = PBXBuildFile; fileRef = 8C0BDFBD2C835DAE0084A7EA /* thegrizzlygrill.json */; };
		8C0BDFCB2C835DAE0084A7EA /* heist.json in Resources */ = {isa = PBXBuildFile; fileRef = 8C0BDFBE2C835DAE0084A7EA /* heist.json */; };
		8C0BDFCC2C835DAE0084A7EA /* podonamukoreancuisine.json in Resources */ = {isa = PBXBuildFile; fileRef = 8C0BDFBF2C835DAE0084A7EA /* podonamukoreancuisine.json */; };
		8C0BDFCD2C835DAE0084A7EA /* missbao.json in Resources */ = {isa = PBXBuildFile; fileRef = 8C0BDFC02C835DAE0084A7EA /* missbao.json */; };
		8C0BDFCE2C835DAE0084A7EA /* anejo.json in Resources */ = {isa = PBXBuildFile; fileRef = 8C0BDFC12C835DAE0084A7EA /* anejo.json */; };
		8C0BDFCF2C835DAE0084A7EA /* taylorslanding.json in Resources */ = {isa = PBXBuildFile; fileRef = 8C0BDFC22C835DAE0084A7EA /* taylorslanding.json */; };
		8C1DAA6D2C18119A00B308BE /* ItemView.swift in Sources */ = {isa = PBXBuildFile; fileRef = 8C1DAA6C2C18119A00B308BE /* ItemView.swift */; };
		8C1DAA6F2C1952E400B308BE /* SignInView.swift in Sources */ = {isa = PBXBuildFile; fileRef = 8C1DAA6E2C1952E300B308BE /* SignInView.swift */; };
		8C1DAA712C1D5B5B00B308BE /* Allergens.swift in Sources */ = {isa = PBXBuildFile; fileRef = 8C1DAA702C1D5B5B00B308BE /* Allergens.swift */; };
		8C1DAA732C1D5E9000B308BE /* UserProfile.swift in Sources */ = {isa = PBXBuildFile; fileRef = 8C1DAA722C1D5E9000B308BE /* UserProfile.swift */; };
		8C1F005A2C4F6AA700D0767B /* SpashScreen.swift in Sources */ = {isa = PBXBuildFile; fileRef = 8C1F00592C4F6AA700D0767B /* SpashScreen.swift */; };
		8C1F005C2C4F70A200D0767B /* MapPageView.swift in Sources */ = {isa = PBXBuildFile; fileRef = 8C1F005B2C4F70A200D0767B /* MapPageView.swift */; };
		8C8275E32C8D707600F89EED /* Definitions.swift in Sources */ = {isa = PBXBuildFile; fileRef = 8C8275E22C8D707600F89EED /* Definitions.swift */; };
		8CB709F72C84382D000A7D5D /* caferenee.json in Resources */ = {isa = PBXBuildFile; fileRef = 8CB709F62C84382D000A7D5D /* caferenee.json */; };
		8CB709F92C843A9B000A7D5D /* theballroom.json in Resources */ = {isa = PBXBuildFile; fileRef = 8CB709F82C843A9B000A7D5D /* theballroom.json */; };
		8CB709FB2C843AB0000A7D5D /* empire.json in Resources */ = {isa = PBXBuildFile; fileRef = 8CB709FA2C843AB0000A7D5D /* empire.json */; };
		8CB709FD2C843AC0000A7D5D /* libertysoho.json in Resources */ = {isa = PBXBuildFile; fileRef = 8CB709FC2C843ABF000A7D5D /* libertysoho.json */; };
		8CB709FF2C843AC5000A7D5D /* maxime's.json in Resources */ = {isa = PBXBuildFile; fileRef = 8CB709FE2C843AC5000A7D5D /* maxime's.json */; };
		8CB70A022C843ACD000A7D5D /* nbacourtsiderestaurant.json in Resources */ = {isa = PBXBuildFile; fileRef = 8CB70A002C843ACD000A7D5D /* nbacourtsiderestaurant.json */; };
		8CB70A032C843ACD000A7D5D /* myth.json in Resources */ = {isa = PBXBuildFile; fileRef = 8CB70A012C843ACD000A7D5D /* myth.json */; };
		8CB70A052C843AD5000A7D5D /* rubysoho.json in Resources */ = {isa = PBXBuildFile; fileRef = 8CB70A042C843AD5000A7D5D /* rubysoho.json */; };
		8CEFD91F2C0CE2BA0048982A /* SafeBiteApp.swift in Sources */ = {isa = PBXBuildFile; fileRef = 8CEFD91E2C0CE2BA0048982A /* SafeBiteApp.swift */; };
		8CEFD9212C0CE2BA0048982A /* ContentView.swift in Sources */ = {isa = PBXBuildFile; fileRef = 8CEFD9202C0CE2BA0048982A /* ContentView.swift */; };
		8CEFD9232C0CE2BE0048982A /* Assets.xcassets in Resources */ = {isa = PBXBuildFile; fileRef = 8CEFD9222C0CE2BE0048982A /* Assets.xcassets */; };
		8CEFD9262C0CE2BE0048982A /* Preview Assets.xcassets in Resources */ = {isa = PBXBuildFile; fileRef = 8CEFD9252C0CE2BE0048982A /* Preview Assets.xcassets */; };
		8CEFD92D2C0CEF060048982A /* Restaurant.swift in Sources */ = {isa = PBXBuildFile; fileRef = 8CEFD92C2C0CEF050048982A /* Restaurant.swift */; };
		8CEFD92F2C0CF1320048982A /* Menu.swift in Sources */ = {isa = PBXBuildFile; fileRef = 8CEFD92E2C0CF1320048982A /* Menu.swift */; };
		8CEFD9312C0CFC0A0048982A /* Bundle-Decodable.swift in Sources */ = {isa = PBXBuildFile; fileRef = 8CEFD9302C0CFC0A0048982A /* Bundle-Decodable.swift */; };
		8CEFD9372C0D1E720048982A /* IndividualRestaurantView.swift in Sources */ = {isa = PBXBuildFile; fileRef = 8CEFD9362C0D1E720048982A /* IndividualRestaurantView.swift */; };
/* End PBXBuildFile section */

/* Begin PBXFileReference section */
		8C09014A2C835F1900BF3421 /* restaurants.json */ = {isa = PBXFileReference; fileEncoding = 4; lastKnownFileType = text.json; path = restaurants.json; sourceTree = "<group>"; };
		8C0BDFB62C835DAD0084A7EA /* atomicakitchen.json */ = {isa = PBXFileReference; fileEncoding = 4; lastKnownFileType = text.json; name = atomicakitchen.json; path = ../../JSONOutputMenus/atomicakitchen.json; sourceTree = "<group>"; };
		8C0BDFB72C835DAD0084A7EA /* tommy's.json */ = {isa = PBXFileReference; fileEncoding = 4; lastKnownFileType = text.json; name = "tommy's.json"; path = "../../JSONOutputMenus/tommy's.json"; sourceTree = "<group>"; };
		8C0BDFB82C835DAD0084A7EA /* meetcuisine.json */ = {isa = PBXFileReference; fileEncoding = 4; lastKnownFileType = text.json; name = meetcuisine.json; path = ../../JSONOutputMenus/meetcuisine.json; sourceTree = "<group>"; };
		8C0BDFB92C835DAD0084A7EA /* jackastor's.json */ = {isa = PBXFileReference; fileEncoding = 4; lastKnownFileType = text.json; name = "jackastor's.json"; path = "../../JSONOutputMenus/jackastor's.json"; sourceTree = "<group>"; };
		8C0BDFBA2C835DAD0084A7EA /* kintonramen.json */ = {isa = PBXFileReference; fileEncoding = 4; lastKnownFileType = text.json; name = kintonramen.json; path = ../../JSONOutputMenus/kintonramen.json; sourceTree = "<group>"; };
		8C0BDFBB2C835DAE0084A7EA /* tango.json */ = {isa = PBXFileReference; fileEncoding = 4; lastKnownFileType = text.json; name = tango.json; path = ../../JSONOutputMenus/tango.json; sourceTree = "<group>"; };
		8C0BDFBC2C835DAE0084A7EA /* thekeg.json */ = {isa = PBXFileReference; fileEncoding = 4; lastKnownFileType = text.json; name = thekeg.json; path = ../../JSONOutputMenus/thekeg.json; sourceTree = "<group>"; };
		8C0BDFBD2C835DAE0084A7EA /* thegrizzlygrill.json */ = {isa = PBXFileReference; fileEncoding = 4; lastKnownFileType = text.json; name = thegrizzlygrill.json; path = ../../JSONOutputMenus/thegrizzlygrill.json; sourceTree = "<group>"; };
		8C0BDFBE2C835DAE0084A7EA /* heist.json */ = {isa = PBXFileReference; fileEncoding = 4; lastKnownFileType = text.json; name = heist.json; path = ../../JSONOutputMenus/heist.json; sourceTree = "<group>"; };
		8C0BDFBF2C835DAE0084A7EA /* podonamukoreancuisine.json */ = {isa = PBXFileReference; fileEncoding = 4; lastKnownFileType = text.json; name = podonamukoreancuisine.json; path = ../../JSONOutputMenus/podonamukoreancuisine.json; sourceTree = "<group>"; };
		8C0BDFC02C835DAE0084A7EA /* missbao.json */ = {isa = PBXFileReference; fileEncoding = 4; lastKnownFileType = text.json; name = missbao.json; path = ../../JSONOutputMenus/missbao.json; sourceTree = "<group>"; };
		8C0BDFC12C835DAE0084A7EA /* anejo.json */ = {isa = PBXFileReference; fileEncoding = 4; lastKnownFileType = text.json; name = anejo.json; path = ../../JSONOutputMenus/anejo.json; sourceTree = "<group>"; };
		8C0BDFC22C835DAE0084A7EA /* taylorslanding.json */ = {isa = PBXFileReference; fileEncoding = 4; lastKnownFileType = text.json; name = taylorslanding.json; path = ../../JSONOutputMenus/taylorslanding.json; sourceTree = "<group>"; };
		8C1DAA6C2C18119A00B308BE /* ItemView.swift */ = {isa = PBXFileReference; lastKnownFileType = sourcecode.swift; path = ItemView.swift; sourceTree = "<group>"; };
		8C1DAA6E2C1952E300B308BE /* SignInView.swift */ = {isa = PBXFileReference; lastKnownFileType = sourcecode.swift; path = SignInView.swift; sourceTree = "<group>"; };
		8C1DAA702C1D5B5B00B308BE /* Allergens.swift */ = {isa = PBXFileReference; lastKnownFileType = sourcecode.swift; path = Allergens.swift; sourceTree = "<group>"; };
		8C1DAA722C1D5E9000B308BE /* UserProfile.swift */ = {isa = PBXFileReference; lastKnownFileType = sourcecode.swift; path = UserProfile.swift; sourceTree = "<group>"; };
		8C1F00592C4F6AA700D0767B /* SpashScreen.swift */ = {isa = PBXFileReference; lastKnownFileType = sourcecode.swift; path = SpashScreen.swift; sourceTree = "<group>"; };
		8C1F005B2C4F70A200D0767B /* MapPageView.swift */ = {isa = PBXFileReference; lastKnownFileType = sourcecode.swift; path = MapPageView.swift; sourceTree = "<group>"; };
		8C8275E22C8D707600F89EED /* Definitions.swift */ = {isa = PBXFileReference; lastKnownFileType = sourcecode.swift; path = Definitions.swift; sourceTree = "<group>"; };
		8CB709F62C84382D000A7D5D /* caferenee.json */ = {isa = PBXFileReference; fileEncoding = 4; lastKnownFileType = text.json; name = caferenee.json; path = ../../JSONOutputMenus/caferenee.json; sourceTree = "<group>"; };
		8CB709F82C843A9B000A7D5D /* theballroom.json */ = {isa = PBXFileReference; fileEncoding = 4; lastKnownFileType = text.json; name = theballroom.json; path = ../../JSONOutputMenus/theballroom.json; sourceTree = "<group>"; };
		8CB709FA2C843AB0000A7D5D /* empire.json */ = {isa = PBXFileReference; fileEncoding = 4; lastKnownFileType = text.json; name = empire.json; path = ../../JSONOutputMenus/empire.json; sourceTree = "<group>"; };
		8CB709FC2C843ABF000A7D5D /* libertysoho.json */ = {isa = PBXFileReference; fileEncoding = 4; lastKnownFileType = text.json; name = libertysoho.json; path = ../../JSONOutputMenus/libertysoho.json; sourceTree = "<group>"; };
		8CB709FE2C843AC5000A7D5D /* maxime's.json */ = {isa = PBXFileReference; fileEncoding = 4; lastKnownFileType = text.json; name = "maxime's.json"; path = "../../JSONOutputMenus/maxime's.json"; sourceTree = "<group>"; };
		8CB70A002C843ACD000A7D5D /* nbacourtsiderestaurant.json */ = {isa = PBXFileReference; fileEncoding = 4; lastKnownFileType = text.json; name = nbacourtsiderestaurant.json; path = ../../JSONOutputMenus/nbacourtsiderestaurant.json; sourceTree = "<group>"; };
		8CB70A012C843ACD000A7D5D /* myth.json */ = {isa = PBXFileReference; fileEncoding = 4; lastKnownFileType = text.json; name = myth.json; path = ../../JSONOutputMenus/myth.json; sourceTree = "<group>"; };
		8CB70A042C843AD5000A7D5D /* rubysoho.json */ = {isa = PBXFileReference; fileEncoding = 4; lastKnownFileType = text.json; name = rubysoho.json; path = ../../JSONOutputMenus/rubysoho.json; sourceTree = "<group>"; };
		8CEFD91B2C0CE2BA0048982A /* SafeBite.app */ = {isa = PBXFileReference; explicitFileType = wrapper.application; includeInIndex = 0; path = SafeBite.app; sourceTree = BUILT_PRODUCTS_DIR; };
		8CEFD91E2C0CE2BA0048982A /* SafeBiteApp.swift */ = {isa = PBXFileReference; lastKnownFileType = sourcecode.swift; path = SafeBiteApp.swift; sourceTree = "<group>"; };
		8CEFD9202C0CE2BA0048982A /* ContentView.swift */ = {isa = PBXFileReference; lastKnownFileType = sourcecode.swift; path = ContentView.swift; sourceTree = "<group>"; };
		8CEFD9222C0CE2BE0048982A /* Assets.xcassets */ = {isa = PBXFileReference; lastKnownFileType = folder.assetcatalog; path = Assets.xcassets; sourceTree = "<group>"; };
		8CEFD9252C0CE2BE0048982A /* Preview Assets.xcassets */ = {isa = PBXFileReference; lastKnownFileType = folder.assetcatalog; path = "Preview Assets.xcassets"; sourceTree = "<group>"; };
		8CEFD92C2C0CEF050048982A /* Restaurant.swift */ = {isa = PBXFileReference; lastKnownFileType = sourcecode.swift; path = Restaurant.swift; sourceTree = "<group>"; };
		8CEFD92E2C0CF1320048982A /* Menu.swift */ = {isa = PBXFileReference; lastKnownFileType = sourcecode.swift; path = Menu.swift; sourceTree = "<group>"; };
		8CEFD9302C0CFC0A0048982A /* Bundle-Decodable.swift */ = {isa = PBXFileReference; lastKnownFileType = sourcecode.swift; path = "Bundle-Decodable.swift"; sourceTree = "<group>"; };
		8CEFD9362C0D1E720048982A /* IndividualRestaurantView.swift */ = {isa = PBXFileReference; lastKnownFileType = sourcecode.swift; path = IndividualRestaurantView.swift; sourceTree = "<group>"; };
/* End PBXFileReference section */

/* Begin PBXFrameworksBuildPhase section */
		8CEFD9182C0CE2BA0048982A /* Frameworks */ = {
			isa = PBXFrameworksBuildPhase;
			buildActionMask = 2147483647;
			files = (
			);
			runOnlyForDeploymentPostprocessing = 0;
		};
/* End PBXFrameworksBuildPhase section */

/* Begin PBXGroup section */
		8CEFD9122C0CE2BA0048982A = {
			isa = PBXGroup;
			children = (
				8CEFD91D2C0CE2BA0048982A /* SafeBite */,
				8CEFD91C2C0CE2BA0048982A /* Products */,
			);
			sourceTree = "<group>";
		};
		8CEFD91C2C0CE2BA0048982A /* Products */ = {
			isa = PBXGroup;
			children = (
				8CEFD91B2C0CE2BA0048982A /* SafeBite.app */,
			);
			name = Products;
			sourceTree = "<group>";
		};
		8CEFD91D2C0CE2BA0048982A /* SafeBite */ = {
			isa = PBXGroup;
			children = (
				8CEFD91E2C0CE2BA0048982A /* SafeBiteApp.swift */,
				8C1F005B2C4F70A200D0767B /* MapPageView.swift */,
				8CEFD9202C0CE2BA0048982A /* ContentView.swift */,
				8C8275E22C8D707600F89EED /* Definitions.swift */,
				8C1DAA6E2C1952E300B308BE /* SignInView.swift */,
				8C1DAA722C1D5E9000B308BE /* UserProfile.swift */,
				8C1DAA702C1D5B5B00B308BE /* Allergens.swift */,
				8CEFD9362C0D1E720048982A /* IndividualRestaurantView.swift */,
				8C1DAA6C2C18119A00B308BE /* ItemView.swift */,
				8C1F00592C4F6AA700D0767B /* SpashScreen.swift */,
				8CEFD9302C0CFC0A0048982A /* Bundle-Decodable.swift */,
				8CEFD92C2C0CEF050048982A /* Restaurant.swift */,
				8CEFD92E2C0CF1320048982A /* Menu.swift */,
				8C0BDFC12C835DAE0084A7EA /* anejo.json */,
				8C0BDFB62C835DAD0084A7EA /* atomicakitchen.json */,
				8C0BDFBE2C835DAE0084A7EA /* heist.json */,
				8CB709F62C84382D000A7D5D /* caferenee.json */,
				8CB709F82C843A9B000A7D5D /* theballroom.json */,
				8CB709FE2C843AC5000A7D5D /* maxime's.json */,
				8CB70A012C843ACD000A7D5D /* myth.json */,
				8CB70A002C843ACD000A7D5D /* nbacourtsiderestaurant.json */,
				8CB709FA2C843AB0000A7D5D /* empire.json */,
				8CB70A042C843AD5000A7D5D /* rubysoho.json */,
				8C0BDFB92C835DAD0084A7EA /* jackastor's.json */,
				8C0BDFBA2C835DAD0084A7EA /* kintonramen.json */,
				8C0BDFB82C835DAD0084A7EA /* meetcuisine.json */,
				8C0BDFC02C835DAE0084A7EA /* missbao.json */,
				8C09014A2C835F1900BF3421 /* restaurants.json */,
				8CB709FC2C843ABF000A7D5D /* libertysoho.json */,
				8C0BDFBF2C835DAE0084A7EA /* podonamukoreancuisine.json */,
				8C0BDFBB2C835DAE0084A7EA /* tango.json */,
				8C0BDFC22C835DAE0084A7EA /* taylorslanding.json */,
				8C0BDFBD2C835DAE0084A7EA /* thegrizzlygrill.json */,
				8C0BDFBC2C835DAE0084A7EA /* thekeg.json */,
				8C0BDFB72C835DAD0084A7EA /* tommy's.json */,
				8CEFD9222C0CE2BE0048982A /* Assets.xcassets */,
				8CEFD9242C0CE2BE0048982A /* Preview Content */,
			);
			path = SafeBite;
			sourceTree = "<group>";
		};
		8CEFD9242C0CE2BE0048982A /* Preview Content */ = {
			isa = PBXGroup;
			children = (
				8CEFD9252C0CE2BE0048982A /* Preview Assets.xcassets */,
			);
			path = "Preview Content";
			sourceTree = "<group>";
		};
/* End PBXGroup section */

/* Begin PBXNativeTarget section */
		8CEFD91A2C0CE2BA0048982A /* SafeBite */ = {
			isa = PBXNativeTarget;
			buildConfigurationList = 8CEFD9292C0CE2BE0048982A /* Build configuration list for PBXNativeTarget "SafeBite" */;
			buildPhases = (
				8CEFD9172C0CE2BA0048982A /* Sources */,
				8CEFD9182C0CE2BA0048982A /* Frameworks */,
				8CEFD9192C0CE2BA0048982A /* Resources */,
			);
			buildRules = (
			);
			dependencies = (
			);
			name = SafeBite;
			productName = SafeBite;
			productReference = 8CEFD91B2C0CE2BA0048982A /* SafeBite.app */;
			productType = "com.apple.product-type.application";
		};
/* End PBXNativeTarget section */

/* Begin PBXProject section */
		8CEFD9132C0CE2BA0048982A /* Project object */ = {
			isa = PBXProject;
			attributes = {
				BuildIndependentTargetsInParallel = 1;
				LastSwiftUpdateCheck = 1540;
				LastUpgradeCheck = 1540;
				TargetAttributes = {
					8CEFD91A2C0CE2BA0048982A = {
						CreatedOnToolsVersion = 15.4;
					};
				};
			};
			buildConfigurationList = 8CEFD9162C0CE2BA0048982A /* Build configuration list for PBXProject "SafeBite" */;
			compatibilityVersion = "Xcode 14.0";
			developmentRegion = en;
			hasScannedForEncodings = 0;
			knownRegions = (
				en,
				Base,
			);
			mainGroup = 8CEFD9122C0CE2BA0048982A;
			productRefGroup = 8CEFD91C2C0CE2BA0048982A /* Products */;
			projectDirPath = "";
			projectRoot = "";
			targets = (
				8CEFD91A2C0CE2BA0048982A /* SafeBite */,
			);
		};
/* End PBXProject section */

/* Begin PBXResourcesBuildPhase section */
		8CEFD9192C0CE2BA0048982A /* Resources */ = {
			isa = PBXResourcesBuildPhase;
			buildActionMask = 2147483647;
			files = (
				8CEFD9262C0CE2BE0048982A /* Preview Assets.xcassets in Resources */,
				8CB709FB2C843AB0000A7D5D /* empire.json in Resources */,
				8CB709FF2C843AC5000A7D5D /* maxime's.json in Resources */,
				8C0BDFC52C835DAE0084A7EA /* meetcuisine.json in Resources */,
				8CEFD9232C0CE2BE0048982A /* Assets.xcassets in Resources */,
				8CB709FD2C843AC0000A7D5D /* libertysoho.json in Resources */,
				8C0BDFC82C835DAE0084A7EA /* tango.json in Resources */,
				8C09014B2C835F1900BF3421 /* restaurants.json in Resources */,
				8C0BDFC32C835DAE0084A7EA /* atomicakitchen.json in Resources */,
				8C0BDFCF2C835DAE0084A7EA /* taylorslanding.json in Resources */,
				8C0BDFCD2C835DAE0084A7EA /* missbao.json in Resources */,
				8C0BDFC62C835DAE0084A7EA /* jackastor's.json in Resources */,
				8C0BDFCC2C835DAE0084A7EA /* podonamukoreancuisine.json in Resources */,
				8CB709F72C84382D000A7D5D /* caferenee.json in Resources */,
				8C0BDFCB2C835DAE0084A7EA /* heist.json in Resources */,
				8C0BDFC72C835DAE0084A7EA /* kintonramen.json in Resources */,
				8CB70A052C843AD5000A7D5D /* rubysoho.json in Resources */,
				8CB70A022C843ACD000A7D5D /* nbacourtsiderestaurant.json in Resources */,
				8C0BDFC42C835DAE0084A7EA /* tommy's.json in Resources */,
				8CB70A032C843ACD000A7D5D /* myth.json in Resources */,
				8C0BDFCE2C835DAE0084A7EA /* anejo.json in Resources */,
				8CB709F92C843A9B000A7D5D /* theballroom.json in Resources */,
				8C0BDFCA2C835DAE0084A7EA /* thegrizzlygrill.json in Resources */,
				8C0BDFC92C835DAE0084A7EA /* thekeg.json in Resources */,
			);
			runOnlyForDeploymentPostprocessing = 0;
		};
/* End PBXResourcesBuildPhase section */

/* Begin PBXSourcesBuildPhase section */
		8CEFD9172C0CE2BA0048982A /* Sources */ = {
			isa = PBXSourcesBuildPhase;
			buildActionMask = 2147483647;
			files = (
				8C8275E32C8D707600F89EED /* Definitions.swift in Sources */,
				8CEFD9212C0CE2BA0048982A /* ContentView.swift in Sources */,
				8C1F005C2C4F70A200D0767B /* MapPageView.swift in Sources */,
				8CEFD91F2C0CE2BA0048982A /* SafeBiteApp.swift in Sources */,
				8C1DAA732C1D5E9000B308BE /* UserProfile.swift in Sources */,
				8CEFD9372C0D1E720048982A /* IndividualRestaurantView.swift in Sources */,
				8CEFD9312C0CFC0A0048982A /* Bundle-Decodable.swift in Sources */,
				8C1DAA6D2C18119A00B308BE /* ItemView.swift in Sources */,
				8CEFD92F2C0CF1320048982A /* Menu.swift in Sources */,
				8C1DAA712C1D5B5B00B308BE /* Allergens.swift in Sources */,
				8C1DAA6F2C1952E400B308BE /* SignInView.swift in Sources */,
				8C1F005A2C4F6AA700D0767B /* SpashScreen.swift in Sources */,
				8CEFD92D2C0CEF060048982A /* Restaurant.swift in Sources */,
			);
			runOnlyForDeploymentPostprocessing = 0;
		};
/* End PBXSourcesBuildPhase section */

/* Begin XCBuildConfiguration section */
		8CEFD9272C0CE2BE0048982A /* Debug */ = {
			isa = XCBuildConfiguration;
			buildSettings = {
				ALWAYS_SEARCH_USER_PATHS = NO;
				ASSETCATALOG_COMPILER_GENERATE_SWIFT_ASSET_SYMBOL_EXTENSIONS = YES;
				CLANG_ANALYZER_NONNULL = YES;
				CLANG_ANALYZER_NUMBER_OBJECT_CONVERSION = YES_AGGRESSIVE;
				CLANG_CXX_LANGUAGE_STANDARD = "gnu++20";
				CLANG_ENABLE_MODULES = YES;
				CLANG_ENABLE_OBJC_ARC = YES;
				CLANG_ENABLE_OBJC_WEAK = YES;
				CLANG_WARN_BLOCK_CAPTURE_AUTORELEASING = YES;
				CLANG_WARN_BOOL_CONVERSION = YES;
				CLANG_WARN_COMMA = YES;
				CLANG_WARN_CONSTANT_CONVERSION = YES;
				CLANG_WARN_DEPRECATED_OBJC_IMPLEMENTATIONS = YES;
				CLANG_WARN_DIRECT_OBJC_ISA_USAGE = YES_ERROR;
				CLANG_WARN_DOCUMENTATION_COMMENTS = YES;
				CLANG_WARN_EMPTY_BODY = YES;
				CLANG_WARN_ENUM_CONVERSION = YES;
				CLANG_WARN_INFINITE_RECURSION = YES;
				CLANG_WARN_INT_CONVERSION = YES;
				CLANG_WARN_NON_LITERAL_NULL_CONVERSION = YES;
				CLANG_WARN_OBJC_IMPLICIT_RETAIN_SELF = YES;
				CLANG_WARN_OBJC_LITERAL_CONVERSION = YES;
				CLANG_WARN_OBJC_ROOT_CLASS = YES_ERROR;
				CLANG_WARN_QUOTED_INCLUDE_IN_FRAMEWORK_HEADER = YES;
				CLANG_WARN_RANGE_LOOP_ANALYSIS = YES;
				CLANG_WARN_STRICT_PROTOTYPES = YES;
				CLANG_WARN_SUSPICIOUS_MOVE = YES;
				CLANG_WARN_UNGUARDED_AVAILABILITY = YES_AGGRESSIVE;
				CLANG_WARN_UNREACHABLE_CODE = YES;
				CLANG_WARN__DUPLICATE_METHOD_MATCH = YES;
				COPY_PHASE_STRIP = NO;
				DEBUG_INFORMATION_FORMAT = dwarf;
				ENABLE_STRICT_OBJC_MSGSEND = YES;
				ENABLE_TESTABILITY = YES;
				ENABLE_USER_SCRIPT_SANDBOXING = YES;
				GCC_C_LANGUAGE_STANDARD = gnu17;
				GCC_DYNAMIC_NO_PIC = NO;
				GCC_NO_COMMON_BLOCKS = YES;
				GCC_OPTIMIZATION_LEVEL = 0;
				GCC_PREPROCESSOR_DEFINITIONS = (
					"DEBUG=1",
					"$(inherited)",
				);
				GCC_WARN_64_TO_32_BIT_CONVERSION = YES;
				GCC_WARN_ABOUT_RETURN_TYPE = YES_ERROR;
				GCC_WARN_UNDECLARED_SELECTOR = YES;
				GCC_WARN_UNINITIALIZED_AUTOS = YES_AGGRESSIVE;
				GCC_WARN_UNUSED_FUNCTION = YES;
				GCC_WARN_UNUSED_VARIABLE = YES;
				IPHONEOS_DEPLOYMENT_TARGET = 17.5;
				LOCALIZATION_PREFERS_STRING_CATALOGS = YES;
				MTL_ENABLE_DEBUG_INFO = INCLUDE_SOURCE;
				MTL_FAST_MATH = YES;
				ONLY_ACTIVE_ARCH = YES;
				SDKROOT = iphoneos;
				SWIFT_ACTIVE_COMPILATION_CONDITIONS = "DEBUG $(inherited)";
				SWIFT_OPTIMIZATION_LEVEL = "-Onone";
			};
			name = Debug;
		};
		8CEFD9282C0CE2BE0048982A /* Release */ = {
			isa = XCBuildConfiguration;
			buildSettings = {
				ALWAYS_SEARCH_USER_PATHS = NO;
				ASSETCATALOG_COMPILER_GENERATE_SWIFT_ASSET_SYMBOL_EXTENSIONS = YES;
				CLANG_ANALYZER_NONNULL = YES;
				CLANG_ANALYZER_NUMBER_OBJECT_CONVERSION = YES_AGGRESSIVE;
				CLANG_CXX_LANGUAGE_STANDARD = "gnu++20";
				CLANG_ENABLE_MODULES = YES;
				CLANG_ENABLE_OBJC_ARC = YES;
				CLANG_ENABLE_OBJC_WEAK = YES;
				CLANG_WARN_BLOCK_CAPTURE_AUTORELEASING = YES;
				CLANG_WARN_BOOL_CONVERSION = YES;
				CLANG_WARN_COMMA = YES;
				CLANG_WARN_CONSTANT_CONVERSION = YES;
				CLANG_WARN_DEPRECATED_OBJC_IMPLEMENTATIONS = YES;
				CLANG_WARN_DIRECT_OBJC_ISA_USAGE = YES_ERROR;
				CLANG_WARN_DOCUMENTATION_COMMENTS = YES;
				CLANG_WARN_EMPTY_BODY = YES;
				CLANG_WARN_ENUM_CONVERSION = YES;
				CLANG_WARN_INFINITE_RECURSION = YES;
				CLANG_WARN_INT_CONVERSION = YES;
				CLANG_WARN_NON_LITERAL_NULL_CONVERSION = YES;
				CLANG_WARN_OBJC_IMPLICIT_RETAIN_SELF = YES;
				CLANG_WARN_OBJC_LITERAL_CONVERSION = YES;
				CLANG_WARN_OBJC_ROOT_CLASS = YES_ERROR;
				CLANG_WARN_QUOTED_INCLUDE_IN_FRAMEWORK_HEADER = YES;
				CLANG_WARN_RANGE_LOOP_ANALYSIS = YES;
				CLANG_WARN_STRICT_PROTOTYPES = YES;
				CLANG_WARN_SUSPICIOUS_MOVE = YES;
				CLANG_WARN_UNGUARDED_AVAILABILITY = YES_AGGRESSIVE;
				CLANG_WARN_UNREACHABLE_CODE = YES;
				CLANG_WARN__DUPLICATE_METHOD_MATCH = YES;
				COPY_PHASE_STRIP = NO;
				DEBUG_INFORMATION_FORMAT = "dwarf-with-dsym";
				ENABLE_NS_ASSERTIONS = NO;
				ENABLE_STRICT_OBJC_MSGSEND = YES;
				ENABLE_USER_SCRIPT_SANDBOXING = YES;
				GCC_C_LANGUAGE_STANDARD = gnu17;
				GCC_NO_COMMON_BLOCKS = YES;
				GCC_WARN_64_TO_32_BIT_CONVERSION = YES;
				GCC_WARN_ABOUT_RETURN_TYPE = YES_ERROR;
				GCC_WARN_UNDECLARED_SELECTOR = YES;
				GCC_WARN_UNINITIALIZED_AUTOS = YES_AGGRESSIVE;
				GCC_WARN_UNUSED_FUNCTION = YES;
				GCC_WARN_UNUSED_VARIABLE = YES;
				IPHONEOS_DEPLOYMENT_TARGET = 17.5;
				LOCALIZATION_PREFERS_STRING_CATALOGS = YES;
				MTL_ENABLE_DEBUG_INFO = NO;
				MTL_FAST_MATH = YES;
				SDKROOT = iphoneos;
				SWIFT_COMPILATION_MODE = wholemodule;
				VALIDATE_PRODUCT = YES;
			};
			name = Release;
		};
		8CEFD92A2C0CE2BE0048982A /* Debug */ = {
			isa = XCBuildConfiguration;
			buildSettings = {
				ASSETCATALOG_COMPILER_APPICON_NAME = AppIcon;
				ASSETCATALOG_COMPILER_GLOBAL_ACCENT_COLOR_NAME = AccentColor;
				CODE_SIGN_STYLE = Automatic;
				CURRENT_PROJECT_VERSION = 1;
				DEVELOPMENT_ASSET_PATHS = "\"SafeBite/Preview Content\"";
				DEVELOPMENT_TEAM = 2X7635M5C4;
				ENABLE_PREVIEWS = YES;
				GENERATE_INFOPLIST_FILE = YES;
				INFOPLIST_KEY_NSLocationAlwaysUsageDescription = "We need your location to show it on the map.";
				INFOPLIST_KEY_NSLocationWhenInUseUsageDescription = "We need your location to show it on the map.";
				INFOPLIST_KEY_UIApplicationSceneManifest_Generation = YES;
				INFOPLIST_KEY_UIApplicationSupportsIndirectInputEvents = YES;
				INFOPLIST_KEY_UILaunchScreen_Generation = YES;
				INFOPLIST_KEY_UISupportedInterfaceOrientations_iPad = "UIInterfaceOrientationPortrait UIInterfaceOrientationPortraitUpsideDown UIInterfaceOrientationLandscapeLeft UIInterfaceOrientationLandscapeRight";
				INFOPLIST_KEY_UISupportedInterfaceOrientations_iPhone = "UIInterfaceOrientationPortrait UIInterfaceOrientationLandscapeLeft UIInterfaceOrientationLandscapeRight";
				LD_RUNPATH_SEARCH_PATHS = (
					"$(inherited)",
					"@executable_path/Frameworks",
				);
				MARKETING_VERSION = 3.2;
				PRODUCT_BUNDLE_IDENTIFIER = com.safebite;
				PRODUCT_NAME = "$(TARGET_NAME)";
				SWIFT_EMIT_LOC_STRINGS = YES;
				SWIFT_VERSION = 5.0;
				TARGETED_DEVICE_FAMILY = "1,2";
			};
			name = Debug;
		};
		8CEFD92B2C0CE2BE0048982A /* Release */ = {
			isa = XCBuildConfiguration;
			buildSettings = {
				ASSETCATALOG_COMPILER_APPICON_NAME = AppIcon;
				ASSETCATALOG_COMPILER_GLOBAL_ACCENT_COLOR_NAME = AccentColor;
				CODE_SIGN_STYLE = Automatic;
				CURRENT_PROJECT_VERSION = 1;
				DEVELOPMENT_ASSET_PATHS = "\"SafeBite/Preview Content\"";
				DEVELOPMENT_TEAM = 2X7635M5C4;
				ENABLE_PREVIEWS = YES;
				GENERATE_INFOPLIST_FILE = YES;
				INFOPLIST_KEY_NSLocationAlwaysUsageDescription = "We need your location to show it on the map.";
				INFOPLIST_KEY_NSLocationWhenInUseUsageDescription = "We need your location to show it on the map.";
				INFOPLIST_KEY_UIApplicationSceneManifest_Generation = YES;
				INFOPLIST_KEY_UIApplicationSupportsIndirectInputEvents = YES;
				INFOPLIST_KEY_UILaunchScreen_Generation = YES;
				INFOPLIST_KEY_UISupportedInterfaceOrientations_iPad = "UIInterfaceOrientationPortrait UIInterfaceOrientationPortraitUpsideDown UIInterfaceOrientationLandscapeLeft UIInterfaceOrientationLandscapeRight";
				INFOPLIST_KEY_UISupportedInterfaceOrientations_iPhone = "UIInterfaceOrientationPortrait UIInterfaceOrientationLandscapeLeft UIInterfaceOrientationLandscapeRight";
				LD_RUNPATH_SEARCH_PATHS = (
					"$(inherited)",
					"@executable_path/Frameworks",
				);
				MARKETING_VERSION = 3.2;
				PRODUCT_BUNDLE_IDENTIFIER = com.safebite;
				PRODUCT_NAME = "$(TARGET_NAME)";
				SWIFT_EMIT_LOC_STRINGS = YES;
				SWIFT_VERSION = 5.0;
				TARGETED_DEVICE_FAMILY = "1,2";
			};
			name = Release;
		};
/* End XCBuildConfiguration section */

/* Begin XCConfigurationList section */
		8CEFD9162C0CE2BA0048982A /* Build configuration list for PBXProject "SafeBite" */ = {
			isa = XCConfigurationList;
			buildConfigurations = (
				8CEFD9272C0CE2BE0048982A /* Debug */,
				8CEFD9282C0CE2BE0048982A /* Release */,
			);
			defaultConfigurationIsVisible = 0;
			defaultConfigurationName = Release;
		};
		8CEFD9292C0CE2BE0048982A /* Build configuration list for PBXNativeTarget "SafeBite" */ = {
			isa = XCConfigurationList;
			buildConfigurations = (
				8CEFD92A2C0CE2BE0048982A /* Debug */,
				8CEFD92B2C0CE2BE0048982A /* Release */,
			);
			defaultConfigurationIsVisible = 0;
			defaultConfigurationName = Release;
		};
/* End XCConfigurationList section */
	};
	rootObject = 8CEFD9132C0CE2BA0048982A /* Project object */;
}
